
Microsoft Visual Studio Solution File, Format Version 12.00
# Visual Studio Version 16
VisualStudioVersion = 16.0.30804.86
MinimumVisualStudioVersion = 10.0.40219.1
Project("{FAE04EC0-301F-11D3-BF4B-00C04F79EFBC}") = "DrinksMachines", "DrinksMachine\DrinksMachines.csproj", "{B5018844-566C-49C5-8C4B-D129EE266E2D}"
EndProject
Global
	GlobalSection(SolutionConfigurationPlatforms) = preSolution
		Debug|Any CPU = Debug|Any CPU
		Release|Any CPU = Release|Any CPU
	EndGlobalSection
	GlobalSection(ProjectConfigurationPlatforms) = postSolution
		{B5018844-566C-49C5-8C4B-D129EE266E2D}.Debug|Any CPU.ActiveCfg = Debug|Any CPU
		{B5018844-566C-49C5-8C4B-D129EE266E2D}.Debug|Any CPU.Build.0 = Debug|Any CPU
		{B5018844-566C-49C5-8C4B-D129EE266E2D}.Release|Any CPU.ActiveCfg = Release|Any CPU
		{B5018844-566C-49C5-8C4B-D129EE266E2D}.Release|Any CPU.Build.0 = Release|Any CPU
	EndGlobalSection
	GlobalSection(SolutionProperties) = preSolution
		HideSolutionNode = FALSE
	EndGlobalSection
	GlobalSection(ExtensibilityGlobals) = postSolution
		SolutionGuid = {10533B17-D8DF-43E0-8161-245360EA911E}
	EndGlobalSection
EndGlobal
